github.com/OneOfOne/xxhash v1.2.2/go.mod h1:HSdplMjZKSmBqAxg5vPj2TmRDmfkzw+cTzAElWljhcU=
github.com/Stakedllc/go-eth2-wallet-mpc/v2 v2.0.4 h1:V9MtCJCdPOuGaJ1hNxBXe65adewW4O24QkCwhfUPot4=
github.com/Stakedllc/go-eth2-wallet-mpc/v2 v2.0.4/go.mod h1:oTW1fOLKd1rUbQMz31iMP0UNjscR2v/ZbhAFT8KotnM=
github.com/aws/aws-sdk-go v1.30.7 h1:IaXfqtioP6p9SFAnNfsqdNczbR5UNbYqvcZUSsCAdTY=
github.com/aws/aws-sdk-go v1.30.7/go.mod h1:5zCpMtNQVjRREroY7sYe8lOMRSxkhG6MZveU8YkpAk0=
github.com/campoy/embedmd v1.0.0/go.mod h1:oxyr9RCiSXg0M3VJ3ks0UGfp98BpSSGr0kpiX3MzVl8=
github.com/cespare/xxhash v1.1.0 h1:a6HrQnmkObjyL+Gs60czilIUGqrzKutQD6XZog3p+ko=
github.com/cespare/xxhash v1.1.0/go.mod h1:XrSqR1VqqWfGrhpAt58auRo0WTKS1nRRg3ghfAqPWnc=
github.com/davecgh/go-spew v1.1.0/go.mod h1:J7Y8YcW2NihsgmVo/mv3lAwl/skON4iLHjSsI+c5H38=
github.com/dgraph-io/ristretto v0.0.2 h1:a5WaUrDa0qm0YrAAS1tUykT5El3kt62KNZZeMxQn3po=
github.com/dgraph-io/ristretto v0.0.2/go.mod h1:KPxhHT9ZxKefz+PCeOGsrHpl1qZ7i70dGTu2u+Ahh6E=
github.com/dgryski/go-farm v0.0.0-20190423205320-6a90982ecee2/go.mod h1:SqUrOPUnsFjfmXRMNPybcSiG0BgUW2AuFH8PAnS2iTw=
github.com/dlespiau/covertool v0.0.0-20180314162135-b0c4c6d0583a/go.mod h1:/eQMcW3eA1bzKx23ZYI2H3tXPdJB5JWYTHzoUPBvQY4=
github.com/go-sql-driver/mysql v1.5.0/go.mod h1:DCzpHaOWr8IXmIStZouvnhqoel9Qv2LBy8hT2VhHyBg=
github.com/google/pprof v0.0.0-20190309163659-77426154d546/go.mod h1:zfwlbNMJ+OItoe0UupaVj+oy1omPYYDuagoSzA8v9mc=
github.com/google/uuid v1.1.1 h1:Gkbcsh/GbpXz7lPftLA3P6TYMwjCLYm83jiFQZF/3gY=
github.com/google/uuid v1.1.1/go.mod h1:TIyPZe4MgqvfeYDBFedMoGGpEw/LqOeaOT+nhxU+yHo=
github.com/herumi/bls-eth-go-binary v0.0.0-20200326062426-f58f8b8bd66f h1:fTtKw31DtXHqxb3D9Oqt+CDVXEbyLs7yqa+RNKYw+3I=
github.com/herumi/bls-eth-go-binary v0.0.0-20200326062426-f58f8b8bd66f/go.mod h1:luAnRm3OsMQeokhGzpYmc0ZKwawY7o87PUEP11Z7r7U=
github.com/ianlancetaylor/demangle v0.0.0-20181102032728-5e5cf60278f6/go.mod h1:aSSvb/t6k1mPoxDqO4vJh6VOCGPwU4O0C2/Eqndh1Sc=
github.com/jmespath/go-jmespath v0.3.0 h1:OS12ieG61fsCg5+qLJ+SsW9NicxNkg3b25OyT2yCeUc=
github.com/jmespath/go-jmespath v0.3.0/go.mod h1:9QtRXoHjLGCJ5IBSaohpXITPlowMeeYCZ7fLUTSywik=
github.com/kr/pretty v0.1.0/go.mod h1:dAy3ld7l9f0ibDNOQOHHMYYIIbhfbHSm3C4ZsoJORNo=
github.com/kr/pty v1.1.1/go.mod h1:pFQYn66WHrOpPYNljwOMqo10TkYh1fy3cYio2l3bCsQ=
github.com/kr/text v0.1.0/go.mod h1:4Jbv+DJW3UT/LiOwJeYQe1efqtUx/iVham/4vfdArNI=
github.com/minio/blake2b-simd v0.0.0-20160723061019-3f5f724cb5b1/go.mod h1:pD8RvIylQ358TN4wwqatJ8rNavkEINozVn9DtGI3dfQ=
github.com/minio/highwayhash v1.0.0 h1:iMSDhgUILCr0TNm8LWlSjF8N0ZIj2qbO8WHp6Q/J2BA=
github.com/minio/highwayhash v1.0.0/go.mod h1:xQboMTeM9nY9v/LlAOxFctujiv5+Aq2hR5dxBpaMbdc=
github.com/minio/sha256-simd v0.1.1 h1:5QHSlgo3nt5yKOJrC7W8w7X+NFl8cMPZm96iu8kKUJU=
github.com/minio/sha256-simd v0.1.1/go.mod h1:B5e1o+1/KgNmWrSQK08Y6Z1Vb5pwIktudl0J58iy0KM=
github.com/mmcloughlin/avo v0.0.0-20190318053554-7a0eb66183da/go.mod h1:lf5GMZxA5kz8dnCweJuER5Rmbx6dDu6qvw0fO3uYKK8=
github.com/phoreproject/bls v0.0.0-20190821133044-da95d4798b09/go.mod h1:7pK0Ldy91shCmI47LLTn3i3rfTQcHiJJvPqGqzvN5nE=
github.com/phoreproject/bls v0.0.0-20191211001008-9d5f85bf4a9b/go.mod h1:xHJKf2TLXUA39Dhv8k5QmQOxLsbrb1KeTS/3ERfLeqc=
github.com/pkg/errors v0.8.1/go.mod h1:bwawxfHBFNV+L2hUp1rHADufV3IMtnDRdf1r5NINEl0=
github.com/pkg/errors v0.9.1 h1:FEBLx1zS214owpjy7qsBeixbURkuhQAwrK5UwLGTwt4=
github.com/pkg/errors v0.9.1/go.mod h1:bwawxfHBFNV+L2hUp1rHADufV3IMtnDRdf1r5NINEl0=
github.com/pmezard/go-difflib v1.0.0/go.mod h1:iKH77koFhYxTK1pcRnkKkqfTogsbg7gZNVY4sRDYZ/4=
github.com/protolambda/zssz v0.1.4 h1:4jkt8sqwhOVR8B1JebREU/gVX0Ply4GypsV8+RWrDuw=
github.com/protolambda/zssz v0.1.4/go.mod h1:a4iwOX5FE7/JkKA+J/PH0Mjo9oXftN6P8NZyL28gpag=
github.com/prysmaticlabs/go-bitfield v0.0.0-20200322041314-62c2aee71669 h1:cX6YRZnZ9sgMqM5U14llxUiXVNJ3u07Res1IIjTOgtI=
github.com/prysmaticlabs/go-bitfield v0.0.0-20200322041314-62c2aee71669/go.mod h1:hCwmef+4qXWjv0jLDbQdWnL0Ol7cS7/lCSS26WR+u6s=
github.com/prysmaticlabs/go-ssz v0.0.0-20200101200214-e24db4d9e963 h1:Th5ufPIaL5s/7i3gXHTgiTwfsUhWDP/PwFRiI6qV6v0=
github.com/prysmaticlabs/go-ssz v0.0.0-20200101200214-e24db4d9e963/go.mod h1:VecIJZrewdAuhVckySLFt2wAAHRME934bSDurP8ftkc=
github.com/shibukawa/configdir v0.0.0-20170330084843-e180dbdc8da0 h1:Xuk8ma/ibJ1fOy4Ee11vHhUFHQNpHhrBneOCNHVXS5w=
github.com/shibukawa/configdir v0.0.0-20170330084843-e180dbdc8da0/go.mod h1:7AwjWCpdPhkSmNAgUv5C7EJ4AbmjEB3r047r3DXWu3Y=
github.com/spaolacci/murmur3 v0.0.0-20180118202830-f09979ecbc72/go.mod h1:JwIasOWyU6f++ZhiEuf87xNszmSA2myDM2Kzu9HwQUA=
github.com/stretchr/objx v0.1.0/go.mod h1:HFkY916IF+rwdDfMAkV7OtwuqBVzrE8GR6GFx+wExME=
github.com/stretchr/testify v1.4.0/go.mod h1:j7eGeouHqKxXV5pUuKE4zz7dFj8WfuZ+81PSLYec5m4=
github.com/stretchr/testify v1.5.1/go.mod h1:5W2xD1RspED5o8YsWQXVCued0rvSQ+mT+I5cxcmMvtA=
github.com/urfave/cli v1.20.0/go.mod h1:70zkFmudgCuE/ngEzBv17Jvp/497gISqfk5gWijbERA=
github.com/wealdtech/go-bytesutil v1.0.0/go.mod h1:jENeMqeTEU8FNZyDFRVc7KqBdRKSnJ9CCh26TcuNb9s=
github.com/wealdtech/go-bytesutil v1.0.1/go.mod h1:jENeMqeTEU8FNZyDFRVc7KqBdRKSnJ9CCh26TcuNb9s=
github.com/wealdtech/go-bytesutil v1.1.0/go.mod h1:jENeMqeTEU8FNZyDFRVc7KqBdRKSnJ9CCh26TcuNb9s=
github.com/wealdtech/go-bytesutil v1.1.1 h1:ocEg3Ke2GkZ4vQw5lp46rmO+pfqCCTgq35gqOy8JKVc=
github.com/wealdtech/go-bytesutil v1.1.1/go.mod h1:jENeMqeTEU8FNZyDFRVc7KqBdRKSnJ9CCh26TcuNb9s=
github.com/wealdtech/go-ecodec v1.1.0 h1:yggrTSckcPJRaxxOxQF7FPm21kgE8WA6+f5jdq5Kr8o=
github.com/wealdtech/go-ecodec v1.1.0/go.mod h1:PSdBFEB6cltdT7V4E1jbboufMZTZXcQOKG/2PeEjKK4=
github.com/wealdtech/go-eth2-types v1.0.0 h1:ggrbQ5HeFcxVm20zxVWr8Sc3uCditaetzWB/Ax/4g0w=
github.com/wealdtech/go-eth2-types v1.0.0/go.mod h1:fWUgtKQ7hiNVl6263bGeyjlydYuaxkxcUIPIopgz2CM=
github.com/wealdtech/go-eth2-types/v2 v2.3.0 h1:qfmgaCBkH2N11LHCXsRWYz7OOxc+1QXrKHlS9yDnFsw=
github.com/wealdtech/go-eth2-types/v2 v2.3.0/go.mod h1:jDvQ0j5EUtI7x/c3Vscq8TaFzBGlj6DrKz0CABuugkI=
github.com/wealdtech/go-eth2-util v1.1.4 h1:MyM16V7Qhd9q2ZaRa0WteBg2bWb8UplIKjZr8aeBZP0=
github.com/wealdtech/go-eth2-util v1.1.4/go.mod h1:rvkccTN0inLcI76Gq8FBdkuv3tmX+XSJxBr9gdm1WUE=
github.com/wealdtech/go-eth2-wallet-encryptor-keystorev4 v1.0.0 h1:IcpS4VpXhYz+TVupB5n6C6IQzaKwG+Rc8nvgCa/da4c=
github.com/wealdtech/go-eth2-wallet-encryptor-keystorev4 v1.0.0/go.mod h1:X8WRO5hEwbjx8ZOqoRmtS1ngyflKs25GkP7qGv7yOqE=
github.com/wealdtech/go-eth2-wallet-hd/v2 v2.0.1 h1:kiCvdexK3zRC2GwZHSHq+hS+irVNtMs5pNADyumeeRM=
github.com/wealdtech/go-eth2-wallet-hd/v2 v2.0.1/go.mod h1:jqmt8pGMm2WCzqiHkPW8ib/GAFNaQzNhqToOGN0qBDs=
github.com/wealdtech/go-eth2-wallet-nd/v2 v2.0.1 h1:4lB6GY5oHQn5xwn/Sxm1e9SeVCaxa7q/0hqXUQYUNwU=
github.com/wealdtech/go-eth2-wallet-nd/v2 v2.0.1/go.mod h1:jJ3AUHWR0NlPrE6qlOL86pJe14x6K2xFzfmX1brB9Ws=
github.com/wealdtech/go-eth2-wallet-store-filesystem v1.7.2 h1:Lc6wVTjIYeD+2hLAIzq1SugTWR527vEX4tEr5v3zxJc=
github.com/wealdtech/go-eth2-wallet-store-filesystem v1.7.2/go.mod h1:fyA+GmdE7bd/P93TBcb3aqQ83i0AmcQHu9qPg4HnLlg=
github.com/wealdtech/go-eth2-wallet-store-s3 v1.6.2 h1:xzyQDxbe5nr7xG0ByevTV2S8qkeOZvvjp+leBJcpxXQ=
github.com/wealdtech/go-eth2-wallet-store-s3 v1.6.2/go.mod h1:C+NWsx9AdAfrn5zLbru+ctO+lljVTVCJYcXgFsN7Q9o=
github.com/wealdtech/go-eth2-wallet-store-scratch v1.3.2/go.mod h1:BQ8aeThx3O7ByvAB2E1FDiHbAlJXAir7nUg5liJw0W4=
github.com/wealdtech/go-eth2-wallet-types v1.8.0 h1:6K/u5CTcUavgzoABeeuBAZ0jp1qEOdK/9U8gaMJUlVE=
github.com/wealdtech/go-eth2-wallet-types v1.8.0/go.mod h1:5A83MUBhmLgxpg9X5eqvnDIOYfn329caf5DOcv7pcY0=
github.com/wealdtech/go-eth2-wallet-types/v2 v2.0.1 h1:Ct3RrNJTapBiG2GxVl53Kfgy96f0GEUV7bediTu91u8=
github.com/wealdtech/go-eth2-wallet-types/v2 v2.0.1/go.mod h1:y2XAyxb01jyGq3w2hyVgXadgl+KtlDwq8A9RQt2DE3g=
github.com/wealdtech/go-indexer v1.0.0 h1:/S4rfWQbSOnnYmwnvuTVatDibZ8o1s9bmTCHO16XINg=
github.com/wealdtech/go-indexer v1.0.0/go.mod h1:u1cjsbsOXsm5jzJDyLmZY7GsrdX8KYXKBXkZcAmk3Zg=
golang.org/x/arch v0.0.0-20181203225421-5a4828bb7045/go.mod h1:cYlCBUl1MsqxdiKgmc4uh7TxZfWSFLOGSRR090WDxt8=
golang.org/x/arch v0.0.0-20190312162104-788fe5ffcd8c/go.mod h1:flIaEI6LNU6xOCD5PaJvn9wGP0agmIOqjrtsKGRguv4=
golang.org/x/crypto v0.0.0-20190308221718-c2843e01d9a2/go.mod h1:djNgcEr1/C05ACkg1iLfiJU5Ep61QUkGW8qpdssI0+w=
golang.org/x/crypto v0.0.0-20190325154230-a5d413f7728c/go.mod h1:djNgcEr1/C05ACkg1iLfiJU5Ep61QUkGW8qpdssI0+w=
golang.org/x/crypto v0.0.0-20190911031432-227b76d455e7/go.mod h1:yigFU9vqHzYiE8UmvKecakEJjdnWj3jj499lnFckfCI=
golang.org/x/crypto v0.0.0-20191105034135-c7e5f84aec59/go.mod h1:LzIPMQfyMNhhGPhUkYOs5KpL4U8rLKemX1yGLhDgUto=
golang.org/x/crypto v0.0.0-20200414173820-0848c9571904 h1:bXoxMPcSLOq08zI3/c5dEBT6lE4eh+jOh886GHrn6V8=
golang.org/x/crypto v0.0.0-20200414173820-0848c9571904/go.mod h1:LzIPMQfyMNhhGPhUkYOs5KpL4U8rLKemX1yGLhDgUto=
golang.org/x/net v0.0.0-20190311183353-d8887717615a/go.mod h1:t9HGtf8HONx5eT2rtn7q6eTqICYqUVnKs3thJo3Qplg=
golang.org/x/net v0.0.0-20190326090315-15845e8f865b/go.mod h1:t9HGtf8HONx5eT2rtn7q6eTqICYqUVnKs3thJo3Qplg=
golang.org/x/net v0.0.0-20190404232315-eb5bcb51f2a3/go.mod h1:t9HGtf8HONx5eT2rtn7q6eTqICYqUVnKs3thJo3Qplg=
golang.org/x/net v0.0.0-20200202094626-16171245cfb2/go.mod h1:z5CRVTTTmAJ677TzLLGU+0bjPO0LkuOLi4/5GtJWs/s=
golang.org/x/sys v0.0.0-20190130150945-aca44879d564/go.mod h1:STP8DvDyc/dI5b8T5hshtkjS+E42TnysNCUPdjciGhY=
golang.org/x/sys v0.0.0-20190215142949-d0b11bdaac8a/go.mod h1:STP8DvDyc/dI5b8T5hshtkjS+E42TnysNCUPdjciGhY=
golang.org/x/sys v0.0.0-20190322080309-f49334f85ddc/go.mod h1:h1NjWce9XRLGQEsW7wpKNCjG9DtNlClVuFLEZdDNbEs=
golang.org/x/sys v0.0.0-20190412213103-97732733099d/go.mod h1:h1NjWce9XRLGQEsW7wpKNCjG9DtNlClVuFLEZdDNbEs=
golang.org/x/sys v0.0.0-20200413165638-669c56c373c4 h1:opSr2sbRXk5X5/givKrrKj9HXxFpW2sdCiP8MJSKLQY=
golang.org/x/sys v0.0.0-20200413165638-669c56c373c4/go.mod h1:h1NjWce9XRLGQEsW7wpKNCjG9DtNlClVuFLEZdDNbEs=
golang.org/x/text v0.3.0/go.mod h1:NqM8EUOU14njkJ3fqMW+pc6Ldnwhi/IjpwHt7yyuwOQ=
golang.org/x/tools v0.0.0-20190106171756-3ef68632349c/go.mod h1:n7NCudcB/nEzxVGmLbDWY5pfWTLqBcC2KZ6jyYvM4mQ=
golang.org/x/tools v0.0.0-20190325223049-1d95b17f1b04/go.mod h1:LCzVGOaR6xXOjkQ3onu1FJEFr0SW1gC7cKk1uF8kGRs=
gopkg.in/check.v1 v0.0.0-20161208181325-20d25e280405/go.mod h1:Co6ibVJAznAaIkqp8huTwlJQCZ016jof/cbN4VW5Yz0=
gopkg.in/check.v1 v1.0.0-20190902080502-41f04d3bba15/go.mod h1:Co6ibVJAznAaIkqp8huTwlJQCZ016jof/cbN4VW5Yz0=
gopkg.in/yaml.v2 v2.2.2/go.mod h1:hI93XBmqTisBFMUTm0b8Fm+jr3Dg1NNxqwp+5A1VGuI=
rsc.io/pdf v0.1.1/go.mod h1:n8OzWcQ6Sp37PL01nO98y4iUCRdTGarVfzxY20ICaU4=
